{
  "name": "tests",
  "version": "1.0.0",
  "lockfileVersion": 1,
  "requires": true,
  "dependencies": {
    "mahal-bulma": {
      "version": "file:../mahal-bulma-1.0.0.tgz",
      "integrity": "sha512-KCu9dfz/ZU4MfP+Aq1JyhD3ZUKnjTSqqjQ6xk3+oKy0QXs47uz6SDdTFVYmTYoxWIYouKncjfomFwl80B4/Mzw=="
    }
  }
}
